
Microsoft Visual Studio Solution File, Format Version 12.00
# Visual Studio Version 16
VisualStudioVersion = 16.0.29324.140
MinimumVisualStudioVersion = 10.0.40219.1
Project("{9A19103F-16F7-4668-BE54-9A1E7A4F7556}") = "ZawajApp.API", "ZawajApp.API.csproj", "{DF6664B5-66FE-4C41-A3E0-972BD56598F8}"
EndProject
Global
	GlobalSection(SolutionConfigurationPlatforms) = preSolution
		Debug|Any CPU = Debug|Any CPU
		Release|Any CPU = Release|Any CPU
	EndGlobalSection
	GlobalSection(ProjectConfigurationPlatforms) = postSolution
		{DF6664B5-66FE-4C41-A3E0-972BD56598F8}.Debug|Any CPU.ActiveCfg = Debug|Any CPU
		{DF6664B5-66FE-4C41-A3E0-972BD56598F8}.Debug|Any CPU.Build.0 = Debug|Any CPU
		{DF6664B5-66FE-4C41-A3E0-972BD56598F8}.Release|Any CPU.ActiveCfg = Release|Any CPU
		{DF6664B5-66FE-4C41-A3E0-972BD56598F8}.Release|Any CPU.Build.0 = Release|Any CPU
	EndGlobalSection
	GlobalSection(SolutionProperties) = preSolution
		HideSolutionNode = FALSE
	EndGlobalSection
	GlobalSection(ExtensibilityGlobals) = postSolution
		SolutionGuid = {07939DCB-5399-4CD5-B705-2EBD47BCA0F8}
	EndGlobalSection
EndGlobal
